
Microsoft Visual Studio Solution File, Format Version 12.00
# Visual Studio Version 16
VisualStudioVersion = 16.0.29709.97
MinimumVisualStudioVersion = 10.0.40219.1
Project("{2150E333-8FDC-42A3-9474-1A3956D46DE8}") = "Demos Clases", "Demos Clases", "{780593EA-7EDE-4E7D-9492-EEEC8E15A673}"
EndProject
Project("{2150E333-8FDC-42A3-9474-1A3956D46DE8}") = "Ejercicio 1 - Bootstrap", "Ejercicio 1 - Bootstrap", "{77AD187A-769F-4700-92E7-7C489C247756}"
EndProject
Project("{F184B08F-C81C-45F6-A57F-5ABD9991F28F}") = "Lab.WebApplication.CruzCaravaca", "Lab.WebApplication.CruzCaravaca\Lab.WebApplication.CruzCaravaca.vbproj", "{AE7BF559-E975-495B-A79F-A29116D1A600}"
EndProject
Project("{2150E333-8FDC-42A3-9474-1A3956D46DE8}") = "Ejercicio 2 - Calculadora", "Ejercicio 2 - Calculadora", "{4FFC5B19-47D8-498B-A8D2-E6BF0B0BC939}"
EndProject
Project("{F184B08F-C81C-45F6-A57F-5ABD9991F28F}") = "Lab.WebApplication.Calculadora", "Lab.WebApplication.Calculadora\Lab.WebApplication.Calculadora.vbproj", "{24833DCA-9B2A-4EFA-8D62-D3E4C2ADCB3C}"
EndProject
Project("{2150E333-8FDC-42A3-9474-1A3956D46DE8}") = "Ejercicio 3 - Letra DNI", "Ejercicio 3 - Letra DNI", "{739FBF87-3342-4436-94FF-7E8F57E020CC}"
EndProject
Project("{F184B08F-C81C-45F6-A57F-5ABD9991F28F}") = "Lab.WebApplication.LetraDNI", "Lab.WebApplication.LetraDNI\Lab.WebApplication.LetraDNI.vbproj", "{4122B63E-4098-45B4-9934-D70F8F3EBC84}"
EndProject
Project("{2150E333-8FDC-42A3-9474-1A3956D46DE8}") = "Ejercicio 4 - Tabla de Multiplicar", "Ejercicio 4 - Tabla de Multiplicar", "{B9B1738B-5AC3-484C-9BE7-820091A8B2B1}"
EndProject
Project("{F184B08F-C81C-45F6-A57F-5ABD9991F28F}") = "Lab.WebApplication.TablaDeMultiplicar", "Lab.WebApplication.TablaDeMultiplicar\Lab.WebApplication.TablaDeMultiplicar.vbproj", "{6115838F-FE26-4871-B134-A99AA0446591}"
EndProject
Project("{FAE04EC0-301F-11D3-BF4B-00C04F79EFBC}") = "Demos.WebApplication", "Demos.WebApplication\Demos.WebApplication.csproj", "{06E8B475-5146-4543-AFF0-5C00270A915A}"
EndProject
Project("{FAE04EC0-301F-11D3-BF4B-00C04F79EFBC}") = "Demos.WebApplication2", "Demos.WebApplication2\Demos.WebApplication2.csproj", "{5C93DC07-4BC9-4E53-AD39-74BB1FD945A4}"
EndProject
Project("{2150E333-8FDC-42A3-9474-1A3956D46DE8}") = "Ejercicio 5 - Comunicación Remota", "Ejercicio 5 - Comunicación Remota", "{B246B876-26FE-45E7-847B-E4BF2756099B}"
EndProject
Project("{FAE04EC0-301F-11D3-BF4B-00C04F79EFBC}") = "Lab5.WebApplication.XMLHttpRequest", "Lab5.WebApplication.XMLHttpRequest\Lab5.WebApplication.XMLHttpRequest.csproj", "{B34B79E7-ED23-48AF-9A60-55995C9CE495}"
EndProject
Project("{2150E333-8FDC-42A3-9474-1A3956D46DE8}") = "Curso de CSharp", "Curso de CSharp", "{2073A14A-7A9E-46EC-99AA-33C4E80A05E3}"
EndProject
Project("{FAE04EC0-301F-11D3-BF4B-00C04F79EFBC}") = "Demo.ConsoleApp1", "Demo.ConsoleApp1\Demo.ConsoleApp1.csproj", "{A8609D10-D3D2-43D7-A201-C056832323B6}"
EndProject
Project("{FAE04EC0-301F-11D3-BF4B-00C04F79EFBC}") = "Demo.ConsoleApp2", "Demo.ConsoleApp2\Demo.ConsoleApp2.csproj", "{9E022EFF-EB5B-4B58-8D8B-B3A7C1C6D73C}"
EndProject
Project("{FAE04EC0-301F-11D3-BF4B-00C04F79EFBC}") = "Demo.ConsoleAppNorthwind", "Demo.ConsoleAppNorthwind\Demo.ConsoleAppNorthwind.csproj", "{96D7ECB2-B20B-4CFE-94D0-566C7DD30A94}"
EndProject
Project("{2150E333-8FDC-42A3-9474-1A3956D46DE8}") = "Ejercicio 6 - Northwind", "Ejercicio 6 - Northwind", "{704039FC-E0D8-45FA-97CA-122FCB8CEDE1}"
EndProject
Project("{FAE04EC0-301F-11D3-BF4B-00C04F79EFBC}") = "Lab.Northwind.WebApplication1", "Lab.Northwind.WebApplication1\Lab.Northwind.WebApplication1.csproj", "{A5137913-CCD6-494B-B2AA-C8F0C5ADE834}"
EndProject
Project("{2150E333-8FDC-42A3-9474-1A3956D46DE8}") = "Ejercicios Node JS", "Ejercicios Node JS", "{8C7E8C2A-05C1-4525-8DFB-FC22A3707162}"
EndProject
Project("{9092AA53-FB77-4645-B42D-1CCCA6BD08BD}") = "NodejsConsoleApp", "NodejsConsoleApp\NodejsConsoleApp.njsproj", "{D41351EF-99B9-41EA-BB88-75DEEB84C92F}"
EndProject
Project("{FAE04EC0-301F-11D3-BF4B-00C04F79EFBC}") = "Exam.WebApplication", "Exam.WebApplication\Exam.WebApplication.csproj", "{08AFF1ED-F0F6-432C-939A-336402B47880}"
EndProject
Project("{2150E333-8FDC-42A3-9474-1A3956D46DE8}") = "Examen HTML + JS", "Examen HTML + JS", "{6DE4EA64-C41A-4F85-A42E-439CD8CC8E29}"
EndProject
Project("{2150E333-8FDC-42A3-9474-1A3956D46DE8}") = "Proyecto de Python", "Proyecto de Python", "{9529AC83-BBD7-4CF3-B0EF-C2DE504A1624}"
EndProject
Project("{888888A0-9F3D-457C-B088-3A5042F75D52}") = "Demos.PythonApplication", "Demos.PythonApplication\Demos.PythonApplication.pyproj", "{E7567CED-22F0-4581-839B-D1BA9D861F55}"
EndProject
Global
	GlobalSection(SolutionConfigurationPlatforms) = preSolution
		Debug|Any CPU = Debug|Any CPU
		Release|Any CPU = Release|Any CPU
	EndGlobalSection
	GlobalSection(ProjectConfigurationPlatforms) = postSolution
		{AE7BF559-E975-495B-A79F-A29116D1A600}.Debug|Any CPU.ActiveCfg = Debug|Any CPU
		{AE7BF559-E975-495B-A79F-A29116D1A600}.Debug|Any CPU.Build.0 = Debug|Any CPU
		{AE7BF559-E975-495B-A79F-A29116D1A600}.Release|Any CPU.ActiveCfg = Release|Any CPU
		{AE7BF559-E975-495B-A79F-A29116D1A600}.Release|Any CPU.Build.0 = Release|Any CPU
		{24833DCA-9B2A-4EFA-8D62-D3E4C2ADCB3C}.Debug|Any CPU.ActiveCfg = Debug|Any CPU
		{24833DCA-9B2A-4EFA-8D62-D3E4C2ADCB3C}.Debug|Any CPU.Build.0 = Debug|Any CPU
		{24833DCA-9B2A-4EFA-8D62-D3E4C2ADCB3C}.Release|Any CPU.ActiveCfg = Release|Any CPU
		{24833DCA-9B2A-4EFA-8D62-D3E4C2ADCB3C}.Release|Any CPU.Build.0 = Release|Any CPU
		{4122B63E-4098-45B4-9934-D70F8F3EBC84}.Debug|Any CPU.ActiveCfg = Debug|Any CPU
		{4122B63E-4098-45B4-9934-D70F8F3EBC84}.Debug|Any CPU.Build.0 = Debug|Any CPU
		{4122B63E-4098-45B4-9934-D70F8F3EBC84}.Release|Any CPU.ActiveCfg = Release|Any CPU
		{4122B63E-4098-45B4-9934-D70F8F3EBC84}.Release|Any CPU.Build.0 = Release|Any CPU
		{6115838F-FE26-4871-B134-A99AA0446591}.Debug|Any CPU.ActiveCfg = Debug|Any CPU
		{6115838F-FE26-4871-B134-A99AA0446591}.Debug|Any CPU.Build.0 = Debug|Any CPU
		{6115838F-FE26-4871-B134-A99AA0446591}.Release|Any CPU.ActiveCfg = Release|Any CPU
		{6115838F-FE26-4871-B134-A99AA0446591}.Release|Any CPU.Build.0 = Release|Any CPU
		{06E8B475-5146-4543-AFF0-5C00270A915A}.Debug|Any CPU.ActiveCfg = Debug|Any CPU
		{06E8B475-5146-4543-AFF0-5C00270A915A}.Debug|Any CPU.Build.0 = Debug|Any CPU
		{06E8B475-5146-4543-AFF0-5C00270A915A}.Release|Any CPU.ActiveCfg = Release|Any CPU
		{06E8B475-5146-4543-AFF0-5C00270A915A}.Release|Any CPU.Build.0 = Release|Any CPU
		{5C93DC07-4BC9-4E53-AD39-74BB1FD945A4}.Debug|Any CPU.ActiveCfg = Debug|Any CPU
		{5C93DC07-4BC9-4E53-AD39-74BB1FD945A4}.Debug|Any CPU.Build.0 = Debug|Any CPU
		{5C93DC07-4BC9-4E53-AD39-74BB1FD945A4}.Release|Any CPU.ActiveCfg = Release|Any CPU
		{5C93DC07-4BC9-4E53-AD39-74BB1FD945A4}.Release|Any CPU.Build.0 = Release|Any CPU
		{B34B79E7-ED23-48AF-9A60-55995C9CE495}.Debug|Any CPU.ActiveCfg = Debug|Any CPU
		{B34B79E7-ED23-48AF-9A60-55995C9CE495}.Debug|Any CPU.Build.0 = Debug|Any CPU
		{B34B79E7-ED23-48AF-9A60-55995C9CE495}.Release|Any CPU.ActiveCfg = Release|Any CPU
		{B34B79E7-ED23-48AF-9A60-55995C9CE495}.Release|Any CPU.Build.0 = Release|Any CPU
		{A8609D10-D3D2-43D7-A201-C056832323B6}.Debug|Any CPU.ActiveCfg = Debug|Any CPU
		{A8609D10-D3D2-43D7-A201-C056832323B6}.Debug|Any CPU.Build.0 = Debug|Any CPU
		{A8609D10-D3D2-43D7-A201-C056832323B6}.Release|Any CPU.ActiveCfg = Release|Any CPU
		{A8609D10-D3D2-43D7-A201-C056832323B6}.Release|Any CPU.Build.0 = Release|Any CPU
		{9E022EFF-EB5B-4B58-8D8B-B3A7C1C6D73C}.Debug|Any CPU.ActiveCfg = Debug|Any CPU
		{9E022EFF-EB5B-4B58-8D8B-B3A7C1C6D73C}.Debug|Any CPU.Build.0 = Debug|Any CPU
		{9E022EFF-EB5B-4B58-8D8B-B3A7C1C6D73C}.Release|Any CPU.ActiveCfg = Release|Any CPU
		{9E022EFF-EB5B-4B58-8D8B-B3A7C1C6D73C}.Release|Any CPU.Build.0 = Release|Any CPU
		{96D7ECB2-B20B-4CFE-94D0-566C7DD30A94}.Debug|Any CPU.ActiveCfg = Debug|Any CPU
		{96D7ECB2-B20B-4CFE-94D0-566C7DD30A94}.Debug|Any CPU.Build.0 = Debug|Any CPU
		{96D7ECB2-B20B-4CFE-94D0-566C7DD30A94}.Release|Any CPU.ActiveCfg = Release|Any CPU
		{96D7ECB2-B20B-4CFE-94D0-566C7DD30A94}.Release|Any CPU.Build.0 = Release|Any CPU
		{A5137913-CCD6-494B-B2AA-C8F0C5ADE834}.Debug|Any CPU.ActiveCfg = Debug|Any CPU
		{A5137913-CCD6-494B-B2AA-C8F0C5ADE834}.Debug|Any CPU.Build.0 = Debug|Any CPU
		{A5137913-CCD6-494B-B2AA-C8F0C5ADE834}.Release|Any CPU.ActiveCfg = Release|Any CPU
		{A5137913-CCD6-494B-B2AA-C8F0C5ADE834}.Release|Any CPU.Build.0 = Release|Any CPU
		{D41351EF-99B9-41EA-BB88-75DEEB84C92F}.Debug|Any CPU.ActiveCfg = Debug|Any CPU
		{D41351EF-99B9-41EA-BB88-75DEEB84C92F}.Debug|Any CPU.Build.0 = Debug|Any CPU
		{D41351EF-99B9-41EA-BB88-75DEEB84C92F}.Release|Any CPU.ActiveCfg = Release|Any CPU
		{D41351EF-99B9-41EA-BB88-75DEEB84C92F}.Release|Any CPU.Build.0 = Release|Any CPU
		{08AFF1ED-F0F6-432C-939A-336402B47880}.Debug|Any CPU.ActiveCfg = Debug|Any CPU
		{08AFF1ED-F0F6-432C-939A-336402B47880}.Debug|Any CPU.Build.0 = Debug|Any CPU
		{08AFF1ED-F0F6-432C-939A-336402B47880}.Release|Any CPU.ActiveCfg = Release|Any CPU
		{08AFF1ED-F0F6-432C-939A-336402B47880}.Release|Any CPU.Build.0 = Release|Any CPU
		{E7567CED-22F0-4581-839B-D1BA9D861F55}.Debug|Any CPU.ActiveCfg = Debug|Any CPU
		{E7567CED-22F0-4581-839B-D1BA9D861F55}.Release|Any CPU.ActiveCfg = Release|Any CPU
	EndGlobalSection
	GlobalSection(SolutionProperties) = preSolution
		HideSolutionNode = FALSE
	EndGlobalSection
	GlobalSection(NestedProjects) = preSolution
		{AE7BF559-E975-495B-A79F-A29116D1A600} = {77AD187A-769F-4700-92E7-7C489C247756}
		{24833DCA-9B2A-4EFA-8D62-D3E4C2ADCB3C} = {4FFC5B19-47D8-498B-A8D2-E6BF0B0BC939}
		{4122B63E-4098-45B4-9934-D70F8F3EBC84} = {739FBF87-3342-4436-94FF-7E8F57E020CC}
		{6115838F-FE26-4871-B134-A99AA0446591} = {B9B1738B-5AC3-484C-9BE7-820091A8B2B1}
		{06E8B475-5146-4543-AFF0-5C00270A915A} = {780593EA-7EDE-4E7D-9492-EEEC8E15A673}
		{5C93DC07-4BC9-4E53-AD39-74BB1FD945A4} = {780593EA-7EDE-4E7D-9492-EEEC8E15A673}
		{B34B79E7-ED23-48AF-9A60-55995C9CE495} = {B246B876-26FE-45E7-847B-E4BF2756099B}
		{A8609D10-D3D2-43D7-A201-C056832323B6} = {2073A14A-7A9E-46EC-99AA-33C4E80A05E3}
		{9E022EFF-EB5B-4B58-8D8B-B3A7C1C6D73C} = {2073A14A-7A9E-46EC-99AA-33C4E80A05E3}
		{96D7ECB2-B20B-4CFE-94D0-566C7DD30A94} = {2073A14A-7A9E-46EC-99AA-33C4E80A05E3}
		{A5137913-CCD6-494B-B2AA-C8F0C5ADE834} = {704039FC-E0D8-45FA-97CA-122FCB8CEDE1}
		{D41351EF-99B9-41EA-BB88-75DEEB84C92F} = {8C7E8C2A-05C1-4525-8DFB-FC22A3707162}
		{08AFF1ED-F0F6-432C-939A-336402B47880} = {6DE4EA64-C41A-4F85-A42E-439CD8CC8E29}
		{E7567CED-22F0-4581-839B-D1BA9D861F55} = {9529AC83-BBD7-4CF3-B0EF-C2DE504A1624}
	EndGlobalSection
	GlobalSection(ExtensibilityGlobals) = postSolution
		SolutionGuid = {5604EE47-1F72-4383-8DE1-9E807E7F4F3C}
	EndGlobalSection
EndGlobal
